
Microsoft Visual Studio Solution File, Format Version 12.00
# Visual Studio Version 16
VisualStudioVersion = 16.6.30114.105
MinimumVisualStudioVersion = 10.0.40219.1
Project("{FAE04EC0-301F-11D3-BF4B-00C04F79EFBC}") = "API", "API\API.csproj", "{81FD611D-3543-4483-8F13-6DD6258E3320}"
EndProject
Project("{FAE04EC0-301F-11D3-BF4B-00C04F79EFBC}") = "Application", "Application\Application.csproj", "{3491AF78-198B-4465-BEE8-AEE20F2ADB65}"
EndProject
Project("{FAE04EC0-301F-11D3-BF4B-00C04F79EFBC}") = "Domain", "Domain\Domain.csproj", "{114E9440-51B5-4E1C-BEEC-4905BAFC187D}"
EndProject
Project("{FAE04EC0-301F-11D3-BF4B-00C04F79EFBC}") = "Persistence", "Persistence\Persistence.csproj", "{3CC3FCA4-0E55-44B1-AE8C-4DE19E5977C7}"
EndProject
Global
	GlobalSection(SolutionConfigurationPlatforms) = preSolution
		Debug|Any CPU = Debug|Any CPU
		Debug|x64 = Debug|x64
		Debug|x86 = Debug|x86
		Release|Any CPU = Release|Any CPU
		Release|x64 = Release|x64
		Release|x86 = Release|x86
	EndGlobalSection
	GlobalSection(SolutionProperties) = preSolution
		HideSolutionNode = FALSE
	EndGlobalSection
	GlobalSection(ProjectConfigurationPlatforms) = postSolution
		{81FD611D-3543-4483-8F13-6DD6258E3320}.Debug|Any CPU.ActiveCfg = Debug|Any CPU
		{81FD611D-3543-4483-8F13-6DD6258E3320}.Debug|Any CPU.Build.0 = Debug|Any CPU
		{81FD611D-3543-4483-8F13-6DD6258E3320}.Debug|x64.ActiveCfg = Debug|Any CPU
		{81FD611D-3543-4483-8F13-6DD6258E3320}.Debug|x64.Build.0 = Debug|Any CPU
		{81FD611D-3543-4483-8F13-6DD6258E3320}.Debug|x86.ActiveCfg = Debug|Any CPU
		{81FD611D-3543-4483-8F13-6DD6258E3320}.Debug|x86.Build.0 = Debug|Any CPU
		{81FD611D-3543-4483-8F13-6DD6258E3320}.Release|Any CPU.ActiveCfg = Release|Any CPU
		{81FD611D-3543-4483-8F13-6DD6258E3320}.Release|Any CPU.Build.0 = Release|Any CPU
		{81FD611D-3543-4483-8F13-6DD6258E3320}.Release|x64.ActiveCfg = Release|Any CPU
		{81FD611D-3543-4483-8F13-6DD6258E3320}.Release|x64.Build.0 = Release|Any CPU
		{81FD611D-3543-4483-8F13-6DD6258E3320}.Release|x86.ActiveCfg = Release|Any CPU
		{81FD611D-3543-4483-8F13-6DD6258E3320}.Release|x86.Build.0 = Release|Any CPU
		{3491AF78-198B-4465-BEE8-AEE20F2ADB65}.Debug|Any CPU.ActiveCfg = Debug|Any CPU
		{3491AF78-198B-4465-BEE8-AEE20F2ADB65}.Debug|Any CPU.Build.0 = Debug|Any CPU
		{3491AF78-198B-4465-BEE8-AEE20F2ADB65}.Debug|x64.ActiveCfg = Debug|Any CPU
		{3491AF78-198B-4465-BEE8-AEE20F2ADB65}.Debug|x64.Build.0 = Debug|Any CPU
		{3491AF78-198B-4465-BEE8-AEE20F2ADB65}.Debug|x86.ActiveCfg = Debug|Any CPU
		{3491AF78-198B-4465-BEE8-AEE20F2ADB65}.Debug|x86.Build.0 = Debug|Any CPU
		{3491AF78-198B-4465-BEE8-AEE20F2ADB65}.Release|Any CPU.ActiveCfg = Release|Any CPU
		{3491AF78-198B-4465-BEE8-AEE20F2ADB65}.Release|Any CPU.Build.0 = Release|Any CPU
		{3491AF78-198B-4465-BEE8-AEE20F2ADB65}.Release|x64.ActiveCfg = Release|Any CPU
		{3491AF78-198B-4465-BEE8-AEE20F2ADB65}.Release|x64.Build.0 = Release|Any CPU
		{3491AF78-198B-4465-BEE8-AEE20F2ADB65}.Release|x86.ActiveCfg = Release|Any CPU
		{3491AF78-198B-4465-BEE8-AEE20F2ADB65}.Release|x86.Build.0 = Release|Any CPU
		{114E9440-51B5-4E1C-BEEC-4905BAFC187D}.Debug|Any CPU.ActiveCfg = Debug|Any CPU
		{114E9440-51B5-4E1C-BEEC-4905BAFC187D}.Debug|Any CPU.Build.0 = Debug|Any CPU
		{114E9440-51B5-4E1C-BEEC-4905BAFC187D}.Debug|x64.ActiveCfg = Debug|Any CPU
		{114E9440-51B5-4E1C-BEEC-4905BAFC187D}.Debug|x64.Build.0 = Debug|Any CPU
		{114E9440-51B5-4E1C-BEEC-4905BAFC187D}.Debug|x86.ActiveCfg = Debug|Any CPU
		{114E9440-51B5-4E1C-BEEC-4905BAFC187D}.Debug|x86.Build.0 = Debug|Any CPU
		{114E9440-51B5-4E1C-BEEC-4905BAFC187D}.Release|Any CPU.ActiveCfg = Release|Any CPU
		{114E9440-51B5-4E1C-BEEC-4905BAFC187D}.Release|Any CPU.Build.0 = Release|Any CPU
		{114E9440-51B5-4E1C-BEEC-4905BAFC187D}.Release|x64.ActiveCfg = Release|Any CPU
		{114E9440-51B5-4E1C-BEEC-4905BAFC187D}.Release|x64.Build.0 = Release|Any CPU
		{114E9440-51B5-4E1C-BEEC-4905BAFC187D}.Release|x86.ActiveCfg = Release|Any CPU
		{114E9440-51B5-4E1C-BEEC-4905BAFC187D}.Release|x86.Build.0 = Release|Any CPU
		{3CC3FCA4-0E55-44B1-AE8C-4DE19E5977C7}.Debug|Any CPU.ActiveCfg = Debug|Any CPU
		{3CC3FCA4-0E55-44B1-AE8C-4DE19E5977C7}.Debug|Any CPU.Build.0 = Debug|Any CPU
		{3CC3FCA4-0E55-44B1-AE8C-4DE19E5977C7}.Debug|x64.ActiveCfg = Debug|Any CPU
		{3CC3FCA4-0E55-44B1-AE8C-4DE19E5977C7}.Debug|x64.Build.0 = Debug|Any CPU
		{3CC3FCA4-0E55-44B1-AE8C-4DE19E5977C7}.Debug|x86.ActiveCfg = Debug|Any CPU
		{3CC3FCA4-0E55-44B1-AE8C-4DE19E5977C7}.Debug|x86.Build.0 = Debug|Any CPU
		{3CC3FCA4-0E55-44B1-AE8C-4DE19E5977C7}.Release|Any CPU.ActiveCfg = Release|Any CPU
		{3CC3FCA4-0E55-44B1-AE8C-4DE19E5977C7}.Release|Any CPU.Build.0 = Release|Any CPU
		{3CC3FCA4-0E55-44B1-AE8C-4DE19E5977C7}.Release|x64.ActiveCfg = Release|Any CPU
		{3CC3FCA4-0E55-44B1-AE8C-4DE19E5977C7}.Release|x64.Build.0 = Release|Any CPU
		{3CC3FCA4-0E55-44B1-AE8C-4DE19E5977C7}.Release|x86.ActiveCfg = Release|Any CPU
		{3CC3FCA4-0E55-44B1-AE8C-4DE19E5977C7}.Release|x86.Build.0 = Release|Any CPU
	EndGlobalSection
EndGlobal
